
Microsoft Visual Studio Solution File, Format Version 12.00
# Visual Studio Version 17
VisualStudioVersion = 17.9.34701.34
MinimumVisualStudioVersion = 10.0.40219.1
Project("{FAE04EC0-301F-11D3-BF4B-00C04F79EFBC}") = "VSIXProject", "VSIXProject\VSIXProject.csproj", "{50649C7E-B48C-445F-AA2C-9DA0814E07FA}"
EndProject
Project("{FAE04EC0-301F-11D3-BF4B-00C04F79EFBC}") = "FirstMenuCommand", "FirstMenuCommand\FirstMenuCommand.csproj", "{329F8C03-0521-4540-9080-1698F21199C1}"
EndProject
Project("{2150E333-8FDC-42A3-9474-1A3956D46DE8}") = "解决方案项", "解决方案项", "{79704165-7071-4924-A226-9ED38EBE66A2}"
	ProjectSection(SolutionItems) = preProject
		REDEME.MD = REDEME.MD
	EndProjectSection
EndProject
Project("{FAE04EC0-301F-11D3-BF4B-00C04F79EFBC}") = "FirstWindow", "FirstWindow\FirstWindow.csproj", "{E7F59AE2-7B45-4E8E-808A-21A6A2FD9A7F}"
EndProject
Global
	GlobalSection(SolutionConfigurationPlatforms) = preSolution
		Debug|Any CPU = Debug|Any CPU
		Debug|arm64 = Debug|arm64
		Debug|x86 = Debug|x86
		Release|Any CPU = Release|Any CPU
		Release|arm64 = Release|arm64
		Release|x86 = Release|x86
	EndGlobalSection
	GlobalSection(ProjectConfigurationPlatforms) = postSolution
		{50649C7E-B48C-445F-AA2C-9DA0814E07FA}.Debug|Any CPU.ActiveCfg = Debug|Any CPU
		{50649C7E-B48C-445F-AA2C-9DA0814E07FA}.Debug|Any CPU.Build.0 = Debug|Any CPU
		{50649C7E-B48C-445F-AA2C-9DA0814E07FA}.Debug|arm64.ActiveCfg = Debug|arm64
		{50649C7E-B48C-445F-AA2C-9DA0814E07FA}.Debug|arm64.Build.0 = Debug|arm64
		{50649C7E-B48C-445F-AA2C-9DA0814E07FA}.Debug|x86.ActiveCfg = Debug|x86
		{50649C7E-B48C-445F-AA2C-9DA0814E07FA}.Debug|x86.Build.0 = Debug|x86
		{50649C7E-B48C-445F-AA2C-9DA0814E07FA}.Release|Any CPU.ActiveCfg = Release|Any CPU
		{50649C7E-B48C-445F-AA2C-9DA0814E07FA}.Release|Any CPU.Build.0 = Release|Any CPU
		{50649C7E-B48C-445F-AA2C-9DA0814E07FA}.Release|arm64.ActiveCfg = Release|arm64
		{50649C7E-B48C-445F-AA2C-9DA0814E07FA}.Release|arm64.Build.0 = Release|arm64
		{50649C7E-B48C-445F-AA2C-9DA0814E07FA}.Release|x86.ActiveCfg = Release|x86
		{50649C7E-B48C-445F-AA2C-9DA0814E07FA}.Release|x86.Build.0 = Release|x86
		{329F8C03-0521-4540-9080-1698F21199C1}.Debug|Any CPU.ActiveCfg = Debug|Any CPU
		{329F8C03-0521-4540-9080-1698F21199C1}.Debug|Any CPU.Build.0 = Debug|Any CPU
		{329F8C03-0521-4540-9080-1698F21199C1}.Debug|arm64.ActiveCfg = Debug|arm64
		{329F8C03-0521-4540-9080-1698F21199C1}.Debug|arm64.Build.0 = Debug|arm64
		{329F8C03-0521-4540-9080-1698F21199C1}.Debug|x86.ActiveCfg = Debug|x86
		{329F8C03-0521-4540-9080-1698F21199C1}.Debug|x86.Build.0 = Debug|x86
		{329F8C03-0521-4540-9080-1698F21199C1}.Release|Any CPU.ActiveCfg = Release|Any CPU
		{329F8C03-0521-4540-9080-1698F21199C1}.Release|Any CPU.Build.0 = Release|Any CPU
		{329F8C03-0521-4540-9080-1698F21199C1}.Release|arm64.ActiveCfg = Release|arm64
		{329F8C03-0521-4540-9080-1698F21199C1}.Release|arm64.Build.0 = Release|arm64
		{329F8C03-0521-4540-9080-1698F21199C1}.Release|x86.ActiveCfg = Release|x86
		{329F8C03-0521-4540-9080-1698F21199C1}.Release|x86.Build.0 = Release|x86
		{E7F59AE2-7B45-4E8E-808A-21A6A2FD9A7F}.Debug|Any CPU.ActiveCfg = Debug|Any CPU
		{E7F59AE2-7B45-4E8E-808A-21A6A2FD9A7F}.Debug|Any CPU.Build.0 = Debug|Any CPU
		{E7F59AE2-7B45-4E8E-808A-21A6A2FD9A7F}.Debug|arm64.ActiveCfg = Debug|arm64
		{E7F59AE2-7B45-4E8E-808A-21A6A2FD9A7F}.Debug|arm64.Build.0 = Debug|arm64
		{E7F59AE2-7B45-4E8E-808A-21A6A2FD9A7F}.Debug|x86.ActiveCfg = Debug|x86
		{E7F59AE2-7B45-4E8E-808A-21A6A2FD9A7F}.Debug|x86.Build.0 = Debug|x86
		{E7F59AE2-7B45-4E8E-808A-21A6A2FD9A7F}.Release|Any CPU.ActiveCfg = Release|Any CPU
		{E7F59AE2-7B45-4E8E-808A-21A6A2FD9A7F}.Release|Any CPU.Build.0 = Release|Any CPU
		{E7F59AE2-7B45-4E8E-808A-21A6A2FD9A7F}.Release|arm64.ActiveCfg = Release|arm64
		{E7F59AE2-7B45-4E8E-808A-21A6A2FD9A7F}.Release|arm64.Build.0 = Release|arm64
		{E7F59AE2-7B45-4E8E-808A-21A6A2FD9A7F}.Release|x86.ActiveCfg = Release|x86
		{E7F59AE2-7B45-4E8E-808A-21A6A2FD9A7F}.Release|x86.Build.0 = Release|x86
	EndGlobalSection
	GlobalSection(SolutionProperties) = preSolution
		HideSolutionNode = FALSE
	EndGlobalSection
	GlobalSection(ExtensibilityGlobals) = postSolution
		SolutionGuid = {00CA0CA6-A789-4060-86EC-D2839BFC81BF}
	EndGlobalSection
EndGlobal
